
Microsoft Visual Studio Solution File, Format Version 12.00
Project("{FAE04EC0-301F-11D3-BF4B-00C04F79EFBC}") = "TechNewsGenerator", "TechNewsGenerator\TechNewsGenerator.csproj", "{2F95379C-A11F-4CEF-A931-56AEBA861E3F}"
EndProject
Project("{2150E333-8FDC-42A3-9474-1A3956D46DE8}") = "Items", "Items", "{1EB6D65A-5944-4539-AD55-D04B09493A07}"
	ProjectSection(SolutionItems) = preProject
		..\README.md = ..\README.md
		..\.gitignore = ..\.gitignore
		..\.github\workflows\dotnet.yml = ..\.github\workflows\dotnet.yml
	EndProjectSection
EndProject
Global
	GlobalSection(SolutionConfigurationPlatforms) = preSolution
		Debug|Any CPU = Debug|Any CPU
		Release|Any CPU = Release|Any CPU
	EndGlobalSection
	GlobalSection(ProjectConfigurationPlatforms) = postSolution
		{2F95379C-A11F-4CEF-A931-56AEBA861E3F}.Debug|Any CPU.ActiveCfg = Debug|Any CPU
		{2F95379C-A11F-4CEF-A931-56AEBA861E3F}.Debug|Any CPU.Build.0 = Debug|Any CPU
		{2F95379C-A11F-4CEF-A931-56AEBA861E3F}.Release|Any CPU.ActiveCfg = Release|Any CPU
		{2F95379C-A11F-4CEF-A931-56AEBA861E3F}.Release|Any CPU.Build.0 = Release|Any CPU
	EndGlobalSection
EndGlobal
